github.com/vbsw/golib/check/v2 v2.0.2 h1:gtW85Pt8GxY8i9QOzqariBfi22Ja9uuhw/dtQsfb0V4=
github.com/vbsw/golib/check/v2 v2.0.2/go.mod h1:DYxGjfv3iEmlu7O8GvGR0Cru9rHX93mTqYjUsDsZpzI=
github.com/vbsw/golib/iter v1.0.0 h1:LqcWI6ElDjJnlLJ1VWn20JCPrj9vRCnFZUwADzcfr2w=
github.com/vbsw/golib/iter v1.0.0/go.mod h1:qvCWkHci1yMObD6ZoXl/MQs6FABqdAFPaiONrGb0sWo=
github.com/vbsw/golib/osargs v1.0.0 h1:cTp5ErrdDymRopZTsEG1AZ6wt6jPjL5VgLwobIhC/HI=
github.com/vbsw/golib/osargs v1.0.0/go.mod h1:srWWEFAGR8t5Z+1kjPxBDim6xgTEHCTnGFS8M0C6mi8=
